
Microsoft Visual Studio Solution File, Format Version 12.00
# Visual Studio Version 17
VisualStudioVersion = 17.13.35931.197 d17.13
MinimumVisualStudioVersion = 10.0.40219.1
Project("{FAE04EC0-301F-11D3-BF4B-00C04F79EFBC}") = "replaceFiles", "replaceFiles.csproj", "{63FBFF04-0952-4EF9-8B5F-31ED8293A0F0}"
EndProject
Global
	GlobalSection(SolutionConfigurationPlatforms) = preSolution
		Debug|Any CPU = Debug|Any CPU
		Release|Any CPU = Release|Any CPU
	EndGlobalSection
	GlobalSection(ProjectConfigurationPlatforms) = postSolution
		{63FBFF04-0952-4EF9-8B5F-31ED8293A0F0}.Debug|Any CPU.ActiveCfg = Debug|Any CPU
		{63FBFF04-0952-4EF9-8B5F-31ED8293A0F0}.Debug|Any CPU.Build.0 = Debug|Any CPU
		{63FBFF04-0952-4EF9-8B5F-31ED8293A0F0}.Release|Any CPU.ActiveCfg = Release|Any CPU
		{63FBFF04-0952-4EF9-8B5F-31ED8293A0F0}.Release|Any CPU.Build.0 = Release|Any CPU
	EndGlobalSection
	GlobalSection(SolutionProperties) = preSolution
		HideSolutionNode = FALSE
	EndGlobalSection
	GlobalSection(ExtensibilityGlobals) = postSolution
		SolutionGuid = {C0302B73-30E7-4C3E-8C66-A5C4CA49B8B8}
	EndGlobalSection
EndGlobal
